// !$*UTF8*$!
{
	archiveVersion = 1;
	classes = {
	};
	objectVersion = 55;
	objects = {

/* Begin PBXBuildFile section */
		AA2DB8A93928FE784E9B525B /* Pods_PDP_November.framework in Frameworks */ = {isa = PBXBuildFile; fileRef = 9CA5D6969A341A33E8AF19DE /* Pods_PDP_November.framework */; };
		CB102F2D2746952B00175A63 /* BottomCollectionViewCell.swift in Sources */ = {isa = PBXBuildFile; fileRef = CB102F2B2746952B00175A63 /* BottomCollectionViewCell.swift */; };
		CB102F2E2746952B00175A63 /* BottomCollectionViewCell.xib in Resources */ = {isa = PBXBuildFile; fileRef = CB102F2C2746952B00175A63 /* BottomCollectionViewCell.xib */; };
		CB102F302746976200175A63 /* CategoryModel.swift in Sources */ = {isa = PBXBuildFile; fileRef = CB102F2F2746976200175A63 /* CategoryModel.swift */; };
		CB102F362746B96E00175A63 /* FilterViewController.swift in Sources */ = {isa = PBXBuildFile; fileRef = CB102F352746B96E00175A63 /* FilterViewController.swift */; };
		CB102F38274BCFC300175A63 /* PulleyViewController.swift in Sources */ = {isa = PBXBuildFile; fileRef = CB102F37274BCFC300175A63 /* PulleyViewController.swift */; };
		CB102F3B274BDC7400175A63 /* TagsTableViewCell.swift in Sources */ = {isa = PBXBuildFile; fileRef = CB102F39274BDC7400175A63 /* TagsTableViewCell.swift */; };
		CB102F3C274BDC7400175A63 /* TagsTableViewCell.xib in Resources */ = {isa = PBXBuildFile; fileRef = CB102F3A274BDC7400175A63 /* TagsTableViewCell.xib */; };
		CB102F3F274BEF1F00175A63 /* BaseTableViewCell.swift in Sources */ = {isa = PBXBuildFile; fileRef = CB102F3D274BEF1F00175A63 /* BaseTableViewCell.swift */; };
		CB102F40274BEF1F00175A63 /* BaseTableViewCell.xib in Resources */ = {isa = PBXBuildFile; fileRef = CB102F3E274BEF1F00175A63 /* BaseTableViewCell.xib */; };
		CB102F43274BF76F00175A63 /* SliderTableViewCell.swift in Sources */ = {isa = PBXBuildFile; fileRef = CB102F41274BF76E00175A63 /* SliderTableViewCell.swift */; };
		CB102F44274BF76F00175A63 /* SliderTableViewCell.xib in Resources */ = {isa = PBXBuildFile; fileRef = CB102F42274BF76F00175A63 /* SliderTableViewCell.xib */; };
		CB102F46274BF84200175A63 /* CustomSlider.swift in Sources */ = {isa = PBXBuildFile; fileRef = CB102F45274BF84200175A63 /* CustomSlider.swift */; };
		CBC4FDD4274D644300DDD2A9 /* Binding.swift in Sources */ = {isa = PBXBuildFile; fileRef = CBC4FDD3274D644300DDD2A9 /* Binding.swift */; };
		CBC4FDD6274D64A100DDD2A9 /* ViewModel.swift in Sources */ = {isa = PBXBuildFile; fileRef = CBC4FDD5274D64A100DDD2A9 /* ViewModel.swift */; };
		CBC4FDD9274D8DCA00DDD2A9 /* MVVMViewController.swift in Sources */ = {isa = PBXBuildFile; fileRef = CBC4FDD8274D8DCA00DDD2A9 /* MVVMViewController.swift */; };
		CBC7BCF4274D2523007F5869 /* FilterView.swift in Sources */ = {isa = PBXBuildFile; fileRef = CBC7BCF3274D2523007F5869 /* FilterView.swift */; };
		CBC7BCF6274D2642007F5869 /* FilterPresenter.swift in Sources */ = {isa = PBXBuildFile; fileRef = CBC7BCF5274D2642007F5869 /* FilterPresenter.swift */; };
		CBC7BCF8274D27D8007F5869 /* FilterPresenterImplementation.swift in Sources */ = {isa = PBXBuildFile; fileRef = CBC7BCF7274D27D8007F5869 /* FilterPresenterImplementation.swift */; };
		CBC7BCFA274D2A3B007F5869 /* BasePresenter.swift in Sources */ = {isa = PBXBuildFile; fileRef = CBC7BCF9274D2A3B007F5869 /* BasePresenter.swift */; };
		CBC7BCFC274D2AF5007F5869 /* BaseView.swift in Sources */ = {isa = PBXBuildFile; fileRef = CBC7BCFB274D2AF5007F5869 /* BaseView.swift */; };
		CBC7BD05274D3578007F5869 /* MainView.swift in Sources */ = {isa = PBXBuildFile; fileRef = CBC7BD04274D3578007F5869 /* MainView.swift */; };
		CBC7BD07274D357F007F5869 /* MainPresenter.swift in Sources */ = {isa = PBXBuildFile; fileRef = CBC7BD06274D357F007F5869 /* MainPresenter.swift */; };
		CBC7BD09274D358C007F5869 /* MainPresenterImplementation.swift in Sources */ = {isa = PBXBuildFile; fileRef = CBC7BD08274D358C007F5869 /* MainPresenterImplementation.swift */; };
		CBC7BD0D274D4BD9007F5869 /* View.swift in Sources */ = {isa = PBXBuildFile; fileRef = CBC7BD0C274D4BD9007F5869 /* View.swift */; };
		CBC7BD0F274D4BE6007F5869 /* Interactor.swift in Sources */ = {isa = PBXBuildFile; fileRef = CBC7BD0E274D4BE6007F5869 /* Interactor.swift */; };
		CBC7BD11274D4BED007F5869 /* Presenter.swift in Sources */ = {isa = PBXBuildFile; fileRef = CBC7BD10274D4BED007F5869 /* Presenter.swift */; };
		CBC7BD13274D4BF2007F5869 /* Entity.swift in Sources */ = {isa = PBXBuildFile; fileRef = CBC7BD12274D4BF2007F5869 /* Entity.swift */; };
		CBC7BD15274D4BF8007F5869 /* Router.swift in Sources */ = {isa = PBXBuildFile; fileRef = CBC7BD14274D4BF8007F5869 /* Router.swift */; };
		CBFE440627453C82000A6025 /* AppDelegate.swift in Sources */ = {isa = PBXBuildFile; fileRef = CBFE440527453C82000A6025 /* AppDelegate.swift */; };
		CBFE440827453C82000A6025 /* SceneDelegate.swift in Sources */ = {isa = PBXBuildFile; fileRef = CBFE440727453C82000A6025 /* SceneDelegate.swift */; };
		CBFE440A27453C82000A6025 /* ViewController.swift in Sources */ = {isa = PBXBuildFile; fileRef = CBFE440927453C82000A6025 /* ViewController.swift */; };
		CBFE440D27453C82000A6025 /* Main.storyboard in Resources */ = {isa = PBXBuildFile; fileRef = CBFE440B27453C82000A6025 /* Main.storyboard */; };
		CBFE440F27453C85000A6025 /* Assets.xcassets in Resources */ = {isa = PBXBuildFile; fileRef = CBFE440E27453C85000A6025 /* Assets.xcassets */; };
		CBFE441227453C85000A6025 /* LaunchScreen.storyboard in Resources */ = {isa = PBXBuildFile; fileRef = CBFE441027453C85000A6025 /* LaunchScreen.storyboard */; };
		CBFE441B2745472B000A6025 /* TopCollectionViewCell.swift in Sources */ = {isa = PBXBuildFile; fileRef = CBFE44192745472B000A6025 /* TopCollectionViewCell.swift */; };
		CBFE441C2745472B000A6025 /* TopCollectionViewCell.xib in Resources */ = {isa = PBXBuildFile; fileRef = CBFE441A2745472B000A6025 /* TopCollectionViewCell.xib */; };
		CBFE441E2745592E000A6025 /* VenueModel.swift in Sources */ = {isa = PBXBuildFile; fileRef = CBFE441D2745592E000A6025 /* VenueModel.swift */; };
/* End PBXBuildFile section */

/* Begin PBXFileReference section */
		0F869287AF7DE204833DE09C /* Pods-PDP-November.debug.xcconfig */ = {isa = PBXFileReference; includeInIndex = 1; lastKnownFileType = text.xcconfig; name = "Pods-PDP-November.debug.xcconfig"; path = "Target Support Files/Pods-PDP-November/Pods-PDP-November.debug.xcconfig"; sourceTree = "<group>"; };
		252057C6C5B982E48206F650 /* Pods-PDP-November.release.xcconfig */ = {isa = PBXFileReference; includeInIndex = 1; lastKnownFileType = text.xcconfig; name = "Pods-PDP-November.release.xcconfig"; path = "Target Support Files/Pods-PDP-November/Pods-PDP-November.release.xcconfig"; sourceTree = "<group>"; };
		9CA5D6969A341A33E8AF19DE /* Pods_PDP_November.framework */ = {isa = PBXFileReference; explicitFileType = wrapper.framework; includeInIndex = 0; path = Pods_PDP_November.framework; sourceTree = BUILT_PRODUCTS_DIR; };
		CB102F2B2746952B00175A63 /* BottomCollectionViewCell.swift */ = {isa = PBXFileReference; lastKnownFileType = sourcecode.swift; path = BottomCollectionViewCell.swift; sourceTree = "<group>"; };
		CB102F2C2746952B00175A63 /* BottomCollectionViewCell.xib */ = {isa = PBXFileReference; lastKnownFileType = file.xib; path = BottomCollectionViewCell.xib; sourceTree = "<group>"; };
		CB102F2F2746976200175A63 /* CategoryModel.swift */ = {isa = PBXFileReference; lastKnownFileType = sourcecode.swift; path = CategoryModel.swift; sourceTree = "<group>"; };
		CB102F352746B96E00175A63 /* FilterViewController.swift */ = {isa = PBXFileReference; lastKnownFileType = sourcecode.swift; path = FilterViewController.swift; sourceTree = "<group>"; };
		CB102F37274BCFC300175A63 /* PulleyViewController.swift */ = {isa = PBXFileReference; lastKnownFileType = sourcecode.swift; path = PulleyViewController.swift; sourceTree = "<group>"; };
		CB102F39274BDC7400175A63 /* TagsTableViewCell.swift */ = {isa = PBXFileReference; lastKnownFileType = sourcecode.swift; path = TagsTableViewCell.swift; sourceTree = "<group>"; };
		CB102F3A274BDC7400175A63 /* TagsTableViewCell.xib */ = {isa = PBXFileReference; lastKnownFileType = file.xib; path = TagsTableViewCell.xib; sourceTree = "<group>"; };
		CB102F3D274BEF1F00175A63 /* BaseTableViewCell.swift */ = {isa = PBXFileReference; lastKnownFileType = sourcecode.swift; path = BaseTableViewCell.swift; sourceTree = "<group>"; };
		CB102F3E274BEF1F00175A63 /* BaseTableViewCell.xib */ = {isa = PBXFileReference; lastKnownFileType = file.xib; path = BaseTableViewCell.xib; sourceTree = "<group>"; };
		CB102F41274BF76E00175A63 /* SliderTableViewCell.swift */ = {isa = PBXFileReference; lastKnownFileType = sourcecode.swift; path = SliderTableViewCell.swift; sourceTree = "<group>"; };
		CB102F42274BF76F00175A63 /* SliderTableViewCell.xib */ = {isa = PBXFileReference; lastKnownFileType = file.xib; path = SliderTableViewCell.xib; sourceTree = "<group>"; };
		CB102F45274BF84200175A63 /* CustomSlider.swift */ = {isa = PBXFileReference; lastKnownFileType = sourcecode.swift; path = CustomSlider.swift; sourceTree = "<group>"; };
		CBC4FDD3274D644300DDD2A9 /* Binding.swift */ = {isa = PBXFileReference; lastKnownFileType = sourcecode.swift; path = Binding.swift; sourceTree = "<group>"; };
		CBC4FDD5274D64A100DDD2A9 /* ViewModel.swift */ = {isa = PBXFileReference; lastKnownFileType = sourcecode.swift; path = ViewModel.swift; sourceTree = "<group>"; };
		CBC4FDD8274D8DCA00DDD2A9 /* MVVMViewController.swift */ = {isa = PBXFileReference; lastKnownFileType = sourcecode.swift; path = MVVMViewController.swift; sourceTree = "<group>"; };
		CBC7BCF3274D2523007F5869 /* FilterView.swift */ = {isa = PBXFileReference; lastKnownFileType = sourcecode.swift; path = FilterView.swift; sourceTree = "<group>"; };
		CBC7BCF5274D2642007F5869 /* FilterPresenter.swift */ = {isa = PBXFileReference; lastKnownFileType = sourcecode.swift; path = FilterPresenter.swift; sourceTree = "<group>"; };
		CBC7BCF7274D27D8007F5869 /* FilterPresenterImplementation.swift */ = {isa = PBXFileReference; lastKnownFileType = sourcecode.swift; path = FilterPresenterImplementation.swift; sourceTree = "<group>"; };
		CBC7BCF9274D2A3B007F5869 /* BasePresenter.swift */ = {isa = PBXFileReference; lastKnownFileType = sourcecode.swift; path = BasePresenter.swift; sourceTree = "<group>"; };
		CBC7BCFB274D2AF5007F5869 /* BaseView.swift */ = {isa = PBXFileReference; lastKnownFileType = sourcecode.swift; path = BaseView.swift; sourceTree = "<group>"; };
		CBC7BD04274D3578007F5869 /* MainView.swift */ = {isa = PBXFileReference; lastKnownFileType = sourcecode.swift; path = MainView.swift; sourceTree = "<group>"; };
		CBC7BD06274D357F007F5869 /* MainPresenter.swift */ = {isa = PBXFileReference; lastKnownFileType = sourcecode.swift; path = MainPresenter.swift; sourceTree = "<group>"; };
		CBC7BD08274D358C007F5869 /* MainPresenterImplementation.swift */ = {isa = PBXFileReference; lastKnownFileType = sourcecode.swift; path = MainPresenterImplementation.swift; sourceTree = "<group>"; };
		CBC7BD0C274D4BD9007F5869 /* View.swift */ = {isa = PBXFileReference; lastKnownFileType = sourcecode.swift; path = View.swift; sourceTree = "<group>"; };
		CBC7BD0E274D4BE6007F5869 /* Interactor.swift */ = {isa = PBXFileReference; lastKnownFileType = sourcecode.swift; path = Interactor.swift; sourceTree = "<group>"; };
		CBC7BD10274D4BED007F5869 /* Presenter.swift */ = {isa = PBXFileReference; lastKnownFileType = sourcecode.swift; path = Presenter.swift; sourceTree = "<group>"; };
		CBC7BD12274D4BF2007F5869 /* Entity.swift */ = {isa = PBXFileReference; lastKnownFileType = sourcecode.swift; path = Entity.swift; sourceTree = "<group>"; };
		CBC7BD14274D4BF8007F5869 /* Router.swift */ = {isa = PBXFileReference; lastKnownFileType = sourcecode.swift; path = Router.swift; sourceTree = "<group>"; };
		CBFE440227453C82000A6025 /* PDP-November.app */ = {isa = PBXFileReference; explicitFileType = wrapper.application; includeInIndex = 0; path = "PDP-November.app"; sourceTree = BUILT_PRODUCTS_DIR; };
		CBFE440527453C82000A6025 /* AppDelegate.swift */ = {isa = PBXFileReference; lastKnownFileType = sourcecode.swift; path = AppDelegate.swift; sourceTree = "<group>"; };
		CBFE440727453C82000A6025 /* SceneDelegate.swift */ = {isa = PBXFileReference; lastKnownFileType = sourcecode.swift; path = SceneDelegate.swift; sourceTree = "<group>"; };
		CBFE440927453C82000A6025 /* ViewController.swift */ = {isa = PBXFileReference; lastKnownFileType = sourcecode.swift; path = ViewController.swift; sourceTree = "<group>"; };
		CBFE440C27453C82000A6025 /* Base */ = {isa = PBXFileReference; lastKnownFileType = file.storyboard; name = Base; path = Base.lproj/Main.storyboard; sourceTree = "<group>"; };
		CBFE440E27453C85000A6025 /* Assets.xcassets */ = {isa = PBXFileReference; lastKnownFileType = folder.assetcatalog; path = Assets.xcassets; sourceTree = "<group>"; };
		CBFE441127453C85000A6025 /* Base */ = {isa = PBXFileReference; lastKnownFileType = file.storyboard; name = Base; path = Base.lproj/LaunchScreen.storyboard; sourceTree = "<group>"; };
		CBFE441327453C85000A6025 /* Info.plist */ = {isa = PBXFileReference; lastKnownFileType = text.plist.xml; path = Info.plist; sourceTree = "<group>"; };
		CBFE44192745472B000A6025 /* TopCollectionViewCell.swift */ = {isa = PBXFileReference; lastKnownFileType = sourcecode.swift; path = TopCollectionViewCell.swift; sourceTree = "<group>"; };
		CBFE441A2745472B000A6025 /* TopCollectionViewCell.xib */ = {isa = PBXFileReference; lastKnownFileType = file.xib; path = TopCollectionViewCell.xib; sourceTree = "<group>"; };
		CBFE441D2745592E000A6025 /* VenueModel.swift */ = {isa = PBXFileReference; lastKnownFileType = sourcecode.swift; path = VenueModel.swift; sourceTree = "<group>"; };
/* End PBXFileReference section */

/* Begin PBXFrameworksBuildPhase section */
		CBFE43FF27453C82000A6025 /* Frameworks */ = {
			isa = PBXFrameworksBuildPhase;
			buildActionMask = 2147483647;
			files = (
				AA2DB8A93928FE784E9B525B /* Pods_PDP_November.framework in Frameworks */,
			);
			runOnlyForDeploymentPostprocessing = 0;
		};
/* End PBXFrameworksBuildPhase section */

/* Begin PBXGroup section */
		CBC4FDD7274D670500DDD2A9 /* MVVM */ = {
			isa = PBXGroup;
			children = (
				CBC4FDD3274D644300DDD2A9 /* Binding.swift */,
				CBC4FDD5274D64A100DDD2A9 /* ViewModel.swift */,
				CBC4FDD8274D8DCA00DDD2A9 /* MVVMViewController.swift */,
			);
			path = MVVM;
			sourceTree = "<group>";
		};
		CBC7BCFF274D2FD8007F5869 /* MVP */ = {
			isa = PBXGroup;
			children = (
				CBC7BD0A274D4317007F5869 /* Base */,
				CBC7BD02274D3555007F5869 /* Filter */,
				CBC7BD03274D355F007F5869 /* Main */,
			);
			path = MVP;
			sourceTree = "<group>";
		};
		CBC7BD00274D2FFD007F5869 /* Custom Views */ = {
			isa = PBXGroup;
			children = (
				CB102F3D274BEF1F00175A63 /* BaseTableViewCell.swift */,
				CB102F3E274BEF1F00175A63 /* BaseTableViewCell.xib */,
				CB102F39274BDC7400175A63 /* TagsTableViewCell.swift */,
				CB102F3A274BDC7400175A63 /* TagsTableViewCell.xib */,
				CBFE44192745472B000A6025 /* TopCollectionViewCell.swift */,
				CB102F2B2746952B00175A63 /* BottomCollectionViewCell.swift */,
				CB102F41274BF76E00175A63 /* SliderTableViewCell.swift */,
				CB102F42274BF76F00175A63 /* SliderTableViewCell.xib */,
				CB102F45274BF84200175A63 /* CustomSlider.swift */,
				CB102F2C2746952B00175A63 /* BottomCollectionViewCell.xib */,
				CBFE441A2745472B000A6025 /* TopCollectionViewCell.xib */,
			);
			path = "Custom Views";
			sourceTree = "<group>";
		};
		CBC7BD01274D3025007F5869 /* Models */ = {
			isa = PBXGroup;
			children = (
				CBFE441D2745592E000A6025 /* VenueModel.swift */,
				CB102F2F2746976200175A63 /* CategoryModel.swift */,
			);
			path = Models;
			sourceTree = "<group>";
		};
		CBC7BD02274D3555007F5869 /* Filter */ = {
			isa = PBXGroup;
			children = (
				CBC7BCF3274D2523007F5869 /* FilterView.swift */,
				CBC7BCF5274D2642007F5869 /* FilterPresenter.swift */,
				CBC7BCF7274D27D8007F5869 /* FilterPresenterImplementation.swift */,
			);
			path = Filter;
			sourceTree = "<group>";
		};
		CBC7BD03274D355F007F5869 /* Main */ = {
			isa = PBXGroup;
			children = (
				CBC7BD04274D3578007F5869 /* MainView.swift */,
				CBC7BD06274D357F007F5869 /* MainPresenter.swift */,
				CBC7BD08274D358C007F5869 /* MainPresenterImplementation.swift */,
			);
			path = Main;
			sourceTree = "<group>";
		};
		CBC7BD0A274D4317007F5869 /* Base */ = {
			isa = PBXGroup;
			children = (
				CBC7BCF9274D2A3B007F5869 /* BasePresenter.swift */,
				CBC7BCFB274D2AF5007F5869 /* BaseView.swift */,
			);
			path = Base;
			sourceTree = "<group>";
		};
		CBC7BD0B274D4BCF007F5869 /* VIPER */ = {
			isa = PBXGroup;
			children = (
				CBC7BD0C274D4BD9007F5869 /* View.swift */,
				CBC7BD0E274D4BE6007F5869 /* Interactor.swift */,
				CBC7BD10274D4BED007F5869 /* Presenter.swift */,
				CBC7BD12274D4BF2007F5869 /* Entity.swift */,
				CBC7BD14274D4BF8007F5869 /* Router.swift */,
			);
			path = VIPER;
			sourceTree = "<group>";
		};
		CBFE43F927453C81000A6025 = {
			isa = PBXGroup;
			children = (
				CBFE440427453C82000A6025 /* PDP-November */,
				CBFE440327453C82000A6025 /* Products */,
				DFB3727F1039EDF296FE2606 /* Pods */,
				F8A43BE216590C5A1279B034 /* Frameworks */,
			);
			sourceTree = "<group>";
		};
		CBFE440327453C82000A6025 /* Products */ = {
			isa = PBXGroup;
			children = (
				CBFE440227453C82000A6025 /* PDP-November.app */,
			);
			name = Products;
			sourceTree = "<group>";
		};
		CBFE440427453C82000A6025 /* PDP-November */ = {
			isa = PBXGroup;
			children = (
				CBFE440527453C82000A6025 /* AppDelegate.swift */,
				CBFE440727453C82000A6025 /* SceneDelegate.swift */,
				CBFE440B27453C82000A6025 /* Main.storyboard */,
				CBFE440927453C82000A6025 /* ViewController.swift */,
				CB102F37274BCFC300175A63 /* PulleyViewController.swift */,
				CB102F352746B96E00175A63 /* FilterViewController.swift */,
				CBC7BD01274D3025007F5869 /* Models */,
				CBC4FDD7274D670500DDD2A9 /* MVVM */,
				CBC7BD0B274D4BCF007F5869 /* VIPER */,
				CBC7BCFF274D2FD8007F5869 /* MVP */,
				CBC7BD00274D2FFD007F5869 /* Custom Views */,
				CBFE440E27453C85000A6025 /* Assets.xcassets */,
				CBFE441027453C85000A6025 /* LaunchScreen.storyboard */,
				CBFE441327453C85000A6025 /* Info.plist */,
			);
			path = "PDP-November";
			sourceTree = "<group>";
		};
		DFB3727F1039EDF296FE2606 /* Pods */ = {
			isa = PBXGroup;
			children = (
				0F869287AF7DE204833DE09C /* Pods-PDP-November.debug.xcconfig */,
				252057C6C5B982E48206F650 /* Pods-PDP-November.release.xcconfig */,
			);
			path = Pods;
			sourceTree = "<group>";
		};
		F8A43BE216590C5A1279B034 /* Frameworks */ = {
			isa = PBXGroup;
			children = (
				9CA5D6969A341A33E8AF19DE /* Pods_PDP_November.framework */,
			);
			name = Frameworks;
			sourceTree = "<group>";
		};
/* End PBXGroup section */

/* Begin PBXNativeTarget section */
		CBFE440127453C82000A6025 /* PDP-November */ = {
			isa = PBXNativeTarget;
			buildConfigurationList = CBFE441627453C85000A6025 /* Build configuration list for PBXNativeTarget "PDP-November" */;
			buildPhases = (
				3897A4D15887BCBDE110DDF7 /* [CP] Check Pods Manifest.lock */,
				CBFE43FE27453C82000A6025 /* Sources */,
				CBFE43FF27453C82000A6025 /* Frameworks */,
				CBFE440027453C82000A6025 /* Resources */,
				C7FD40CCC0CEEBD9E1D4E928 /* [CP] Embed Pods Frameworks */,
			);
			buildRules = (
			);
			dependencies = (
			);
			name = "PDP-November";
			productName = "PDP-November";
			productReference = CBFE440227453C82000A6025 /* PDP-November.app */;
			productType = "com.apple.product-type.application";
		};
/* End PBXNativeTarget section */

/* Begin PBXProject section */
		CBFE43FA27453C81000A6025 /* Project object */ = {
			isa = PBXProject;
			attributes = {
				BuildIndependentTargetsInParallel = 1;
				LastSwiftUpdateCheck = 1300;
				LastUpgradeCheck = 1300;
				TargetAttributes = {
					CBFE440127453C82000A6025 = {
						CreatedOnToolsVersion = 13.0;
					};
				};
			};
			buildConfigurationList = CBFE43FD27453C81000A6025 /* Build configuration list for PBXProject "PDP-November" */;
			compatibilityVersion = "Xcode 13.0";
			developmentRegion = en;
			hasScannedForEncodings = 0;
			knownRegions = (
				en,
				Base,
			);
			mainGroup = CBFE43F927453C81000A6025;
			productRefGroup = CBFE440327453C82000A6025 /* Products */;
			projectDirPath = "";
			projectRoot = "";
			targets = (
				CBFE440127453C82000A6025 /* PDP-November */,
			);
		};
/* End PBXProject section */

/* Begin PBXResourcesBuildPhase section */
		CBFE440027453C82000A6025 /* Resources */ = {
			isa = PBXResourcesBuildPhase;
			buildActionMask = 2147483647;
			files = (
				CB102F40274BEF1F00175A63 /* BaseTableViewCell.xib in Resources */,
				CBFE441C2745472B000A6025 /* TopCollectionViewCell.xib in Resources */,
				CBFE441227453C85000A6025 /* LaunchScreen.storyboard in Resources */,
				CB102F2E2746952B00175A63 /* BottomCollectionViewCell.xib in Resources */,
				CBFE440F27453C85000A6025 /* Assets.xcassets in Resources */,
				CB102F3C274BDC7400175A63 /* TagsTableViewCell.xib in Resources */,
				CB102F44274BF76F00175A63 /* SliderTableViewCell.xib in Resources */,
				CBFE440D27453C82000A6025 /* Main.storyboard in Resources */,
			);
			runOnlyForDeploymentPostprocessing = 0;
		};
/* End PBXResourcesBuildPhase section */

/* Begin PBXShellScriptBuildPhase section */
		3897A4D15887BCBDE110DDF7 /* [CP] Check Pods Manifest.lock */ = {
			isa = PBXShellScriptBuildPhase;
			buildActionMask = 2147483647;
			files = (
			);
			inputFileListPaths = (
			);
			inputPaths = (
				"${PODS_PODFILE_DIR_PATH}/Podfile.lock",
				"${PODS_ROOT}/Manifest.lock",
			);
			name = "[CP] Check Pods Manifest.lock";
			outputFileListPaths = (
			);
			outputPaths = (
				"$(DERIVED_FILE_DIR)/Pods-PDP-November-checkManifestLockResult.txt",
			);
			runOnlyForDeploymentPostprocessing = 0;
			shellPath = /bin/sh;
			shellScript = "diff \"${PODS_PODFILE_DIR_PATH}/Podfile.lock\" \"${PODS_ROOT}/Manifest.lock\" > /dev/null\nif [ $? != 0 ] ; then\n    # print error to STDERR\n    echo \"error: The sandbox is not in sync with the Podfile.lock. Run 'pod install' or update your CocoaPods installation.\" >&2\n    exit 1\nfi\n# This output is used by Xcode 'outputs' to avoid re-running this script phase.\necho \"SUCCESS\" > \"${SCRIPT_OUTPUT_FILE_0}\"\n";
			showEnvVarsInLog = 0;
		};
		C7FD40CCC0CEEBD9E1D4E928 /* [CP] Embed Pods Frameworks */ = {
			isa = PBXShellScriptBuildPhase;
			buildActionMask = 2147483647;
			files = (
			);
			inputFileListPaths = (
				"${PODS_ROOT}/Target Support Files/Pods-PDP-November/Pods-PDP-November-frameworks-${CONFIGURATION}-input-files.xcfilelist",
			);
			name = "[CP] Embed Pods Frameworks";
			outputFileListPaths = (
				"${PODS_ROOT}/Target Support Files/Pods-PDP-November/Pods-PDP-November-frameworks-${CONFIGURATION}-output-files.xcfilelist",
			);
			runOnlyForDeploymentPostprocessing = 0;
			shellPath = /bin/sh;
			shellScript = "\"${PODS_ROOT}/Target Support Files/Pods-PDP-November/Pods-PDP-November-frameworks.sh\"\n";
			showEnvVarsInLog = 0;
		};
/* End PBXShellScriptBuildPhase section */

/* Begin PBXSourcesBuildPhase section */
		CBFE43FE27453C82000A6025 /* Sources */ = {
			isa = PBXSourcesBuildPhase;
			buildActionMask = 2147483647;
			files = (
				CBC7BCF4274D2523007F5869 /* FilterView.swift in Sources */,
				CBFE441B2745472B000A6025 /* TopCollectionViewCell.swift in Sources */,
				CBC7BCF8274D27D8007F5869 /* FilterPresenterImplementation.swift in Sources */,
				CBC4FDD9274D8DCA00DDD2A9 /* MVVMViewController.swift in Sources */,
				CBC7BD09274D358C007F5869 /* MainPresenterImplementation.swift in Sources */,
				CBC4FDD4274D644300DDD2A9 /* Binding.swift in Sources */,
				CBC7BD15274D4BF8007F5869 /* Router.swift in Sources */,
				CBC4FDD6274D64A100DDD2A9 /* ViewModel.swift in Sources */,
				CB102F38274BCFC300175A63 /* PulleyViewController.swift in Sources */,
				CBC7BCF6274D2642007F5869 /* FilterPresenter.swift in Sources */,
				CBC7BD0F274D4BE6007F5869 /* Interactor.swift in Sources */,
				CB102F3B274BDC7400175A63 /* TagsTableViewCell.swift in Sources */,
				CBFE440A27453C82000A6025 /* ViewController.swift in Sources */,
				CBFE441E2745592E000A6025 /* VenueModel.swift in Sources */,
				CBC7BD13274D4BF2007F5869 /* Entity.swift in Sources */,
				CBC7BD0D274D4BD9007F5869 /* View.swift in Sources */,
				CB102F3F274BEF1F00175A63 /* BaseTableViewCell.swift in Sources */,
				CB102F362746B96E00175A63 /* FilterViewController.swift in Sources */,
				CBC7BD11274D4BED007F5869 /* Presenter.swift in Sources */,
				CB102F2D2746952B00175A63 /* BottomCollectionViewCell.swift in Sources */,
				CB102F302746976200175A63 /* CategoryModel.swift in Sources */,
				CBC7BD05274D3578007F5869 /* MainView.swift in Sources */,
				CBFE440627453C82000A6025 /* AppDelegate.swift in Sources */,
				CBC7BCFA274D2A3B007F5869 /* BasePresenter.swift in Sources */,
				CB102F46274BF84200175A63 /* CustomSlider.swift in Sources */,
				CBC7BCFC274D2AF5007F5869 /* BaseView.swift in Sources */,
				CB102F43274BF76F00175A63 /* SliderTableViewCell.swift in Sources */,
				CBC7BD07274D357F007F5869 /* MainPresenter.swift in Sources */,
				CBFE440827453C82000A6025 /* SceneDelegate.swift in Sources */,
			);
			runOnlyForDeploymentPostprocessing = 0;
		};
/* End PBXSourcesBuildPhase section */

/* Begin PBXVariantGroup section */
		CBFE440B27453C82000A6025 /* Main.storyboard */ = {
			isa = PBXVariantGroup;
			children = (
				CBFE440C27453C82000A6025 /* Base */,
			);
			name = Main.storyboard;
			sourceTree = "<group>";
		};
		CBFE441027453C85000A6025 /* LaunchScreen.storyboard */ = {
			isa = PBXVariantGroup;
			children = (
				CBFE441127453C85000A6025 /* Base */,
			);
			name = LaunchScreen.storyboard;
			sourceTree = "<group>";
		};
/* End PBXVariantGroup section */

/* Begin XCBuildConfiguration section */
		CBFE441427453C85000A6025 /* Debug */ = {
			isa = XCBuildConfiguration;
			buildSettings = {
				ALWAYS_SEARCH_USER_PATHS = NO;
				CLANG_ANALYZER_NONNULL = YES;
				CLANG_ANALYZER_NUMBER_OBJECT_CONVERSION = YES_AGGRESSIVE;
				CLANG_CXX_LANGUAGE_STANDARD = "gnu++17";
				CLANG_CXX_LIBRARY = "libc++";
				CLANG_ENABLE_MODULES = YES;
				CLANG_ENABLE_OBJC_ARC = YES;
				CLANG_ENABLE_OBJC_WEAK = YES;
				CLANG_WARN_BLOCK_CAPTURE_AUTORELEASING = YES;
				CLANG_WARN_BOOL_CONVERSION = YES;
				CLANG_WARN_COMMA = YES;
				CLANG_WARN_CONSTANT_CONVERSION = YES;
				CLANG_WARN_DEPRECATED_OBJC_IMPLEMENTATIONS = YES;
				CLANG_WARN_DIRECT_OBJC_ISA_USAGE = YES_ERROR;
				CLANG_WARN_DOCUMENTATION_COMMENTS = YES;
				CLANG_WARN_EMPTY_BODY = YES;
				CLANG_WARN_ENUM_CONVERSION = YES;
				CLANG_WARN_INFINITE_RECURSION = YES;
				CLANG_WARN_INT_CONVERSION = YES;
				CLANG_WARN_NON_LITERAL_NULL_CONVERSION = YES;
				CLANG_WARN_OBJC_IMPLICIT_RETAIN_SELF = YES;
				CLANG_WARN_OBJC_LITERAL_CONVERSION = YES;
				CLANG_WARN_OBJC_ROOT_CLASS = YES_ERROR;
				CLANG_WARN_QUOTED_INCLUDE_IN_FRAMEWORK_HEADER = YES;
				CLANG_WARN_RANGE_LOOP_ANALYSIS = YES;
				CLANG_WARN_STRICT_PROTOTYPES = YES;
				CLANG_WARN_SUSPICIOUS_MOVE = YES;
				CLANG_WARN_UNGUARDED_AVAILABILITY = YES_AGGRESSIVE;
				CLANG_WARN_UNREACHABLE_CODE = YES;
				CLANG_WARN__DUPLICATE_METHOD_MATCH = YES;
				COPY_PHASE_STRIP = NO;
				DEBUG_INFORMATION_FORMAT = dwarf;
				ENABLE_STRICT_OBJC_MSGSEND = YES;
				ENABLE_TESTABILITY = YES;
				GCC_C_LANGUAGE_STANDARD = gnu11;
				GCC_DYNAMIC_NO_PIC = NO;
				GCC_NO_COMMON_BLOCKS = YES;
				GCC_OPTIMIZATION_LEVEL = 0;
				GCC_PREPROCESSOR_DEFINITIONS = (
					"DEBUG=1",
					"$(inherited)",
				);
				GCC_WARN_64_TO_32_BIT_CONVERSION = YES;
				GCC_WARN_ABOUT_RETURN_TYPE = YES_ERROR;
				GCC_WARN_UNDECLARED_SELECTOR = YES;
				GCC_WARN_UNINITIALIZED_AUTOS = YES_AGGRESSIVE;
				GCC_WARN_UNUSED_FUNCTION = YES;
				GCC_WARN_UNUSED_VARIABLE = YES;
				IPHONEOS_DEPLOYMENT_TARGET = 15.0;
				MTL_ENABLE_DEBUG_INFO = INCLUDE_SOURCE;
				MTL_FAST_MATH = YES;
				ONLY_ACTIVE_ARCH = YES;
				SDKROOT = iphoneos;
				SWIFT_ACTIVE_COMPILATION_CONDITIONS = DEBUG;
				SWIFT_OPTIMIZATION_LEVEL = "-Onone";
			};
			name = Debug;
		};
		CBFE441527453C85000A6025 /* Release */ = {
			isa = XCBuildConfiguration;
			buildSettings = {
				ALWAYS_SEARCH_USER_PATHS = NO;
				CLANG_ANALYZER_NONNULL = YES;
				CLANG_ANALYZER_NUMBER_OBJECT_CONVERSION = YES_AGGRESSIVE;
				CLANG_CXX_LANGUAGE_STANDARD = "gnu++17";
				CLANG_CXX_LIBRARY = "libc++";
				CLANG_ENABLE_MODULES = YES;
				CLANG_ENABLE_OBJC_ARC = YES;
				CLANG_ENABLE_OBJC_WEAK = YES;
				CLANG_WARN_BLOCK_CAPTURE_AUTORELEASING = YES;
				CLANG_WARN_BOOL_CONVERSION = YES;
				CLANG_WARN_COMMA = YES;
				CLANG_WARN_CONSTANT_CONVERSION = YES;
				CLANG_WARN_DEPRECATED_OBJC_IMPLEMENTATIONS = YES;
				CLANG_WARN_DIRECT_OBJC_ISA_USAGE = YES_ERROR;
				CLANG_WARN_DOCUMENTATION_COMMENTS = YES;
				CLANG_WARN_EMPTY_BODY = YES;
				CLANG_WARN_ENUM_CONVERSION = YES;
				CLANG_WARN_INFINITE_RECURSION = YES;
				CLANG_WARN_INT_CONVERSION = YES;
				CLANG_WARN_NON_LITERAL_NULL_CONVERSION = YES;
				CLANG_WARN_OBJC_IMPLICIT_RETAIN_SELF = YES;
				CLANG_WARN_OBJC_LITERAL_CONVERSION = YES;
				CLANG_WARN_OBJC_ROOT_CLASS = YES_ERROR;
				CLANG_WARN_QUOTED_INCLUDE_IN_FRAMEWORK_HEADER = YES;
				CLANG_WARN_RANGE_LOOP_ANALYSIS = YES;
				CLANG_WARN_STRICT_PROTOTYPES = YES;
				CLANG_WARN_SUSPICIOUS_MOVE = YES;
				CLANG_WARN_UNGUARDED_AVAILABILITY = YES_AGGRESSIVE;
				CLANG_WARN_UNREACHABLE_CODE = YES;
				CLANG_WARN__DUPLICATE_METHOD_MATCH = YES;
				COPY_PHASE_STRIP = NO;
				DEBUG_INFORMATION_FORMAT = "dwarf-with-dsym";
				ENABLE_NS_ASSERTIONS = NO;
				ENABLE_STRICT_OBJC_MSGSEND = YES;
				GCC_C_LANGUAGE_STANDARD = gnu11;
				GCC_NO_COMMON_BLOCKS = YES;
				GCC_WARN_64_TO_32_BIT_CONVERSION = YES;
				GCC_WARN_ABOUT_RETURN_TYPE = YES_ERROR;
				GCC_WARN_UNDECLARED_SELECTOR = YES;
				GCC_WARN_UNINITIALIZED_AUTOS = YES_AGGRESSIVE;
				GCC_WARN_UNUSED_FUNCTION = YES;
				GCC_WARN_UNUSED_VARIABLE = YES;
				IPHONEOS_DEPLOYMENT_TARGET = 15.0;
				MTL_ENABLE_DEBUG_INFO = NO;
				MTL_FAST_MATH = YES;
				SDKROOT = iphoneos;
				SWIFT_COMPILATION_MODE = wholemodule;
				SWIFT_OPTIMIZATION_LEVEL = "-O";
				VALIDATE_PRODUCT = YES;
			};
			name = Release;
		};
		CBFE441727453C85000A6025 /* Debug */ = {
			isa = XCBuildConfiguration;
			baseConfigurationReference = 0F869287AF7DE204833DE09C /* Pods-PDP-November.debug.xcconfig */;
			buildSettings = {
				ASSETCATALOG_COMPILER_APPICON_NAME = AppIcon;
				ASSETCATALOG_COMPILER_GLOBAL_ACCENT_COLOR_NAME = AccentColor;
				CODE_SIGN_STYLE = Automatic;
				CURRENT_PROJECT_VERSION = 1;
				GENERATE_INFOPLIST_FILE = YES;
				INFOPLIST_FILE = "PDP-November/Info.plist";
				INFOPLIST_KEY_UIApplicationSupportsIndirectInputEvents = YES;
				INFOPLIST_KEY_UILaunchStoryboardName = LaunchScreen;
				INFOPLIST_KEY_UIMainStoryboardFile = Main;
				INFOPLIST_KEY_UISupportedInterfaceOrientations_iPad = "UIInterfaceOrientationPortrait UIInterfaceOrientationPortraitUpsideDown UIInterfaceOrientationLandscapeLeft UIInterfaceOrientationLandscapeRight";
				INFOPLIST_KEY_UISupportedInterfaceOrientations_iPhone = "UIInterfaceOrientationPortrait UIInterfaceOrientationLandscapeLeft UIInterfaceOrientationLandscapeRight";
				LD_RUNPATH_SEARCH_PATHS = (
					"$(inherited)",
					"@executable_path/Frameworks",
				);
				MARKETING_VERSION = 1.0;
				PRODUCT_BUNDLE_IDENTIFIER = "com.test.proj.PDP-November";
				PRODUCT_NAME = "$(TARGET_NAME)";
				SWIFT_EMIT_LOC_STRINGS = YES;
				SWIFT_VERSION = 5.0;
				TARGETED_DEVICE_FAMILY = "1,2";
			};
			name = Debug;
		};
		CBFE441827453C85000A6025 /* Release */ = {
			isa = XCBuildConfiguration;
			baseConfigurationReference = 252057C6C5B982E48206F650 /* Pods-PDP-November.release.xcconfig */;
			buildSettings = {
				ASSETCATALOG_COMPILER_APPICON_NAME = AppIcon;
				ASSETCATALOG_COMPILER_GLOBAL_ACCENT_COLOR_NAME = AccentColor;
				CODE_SIGN_STYLE = Automatic;
				CURRENT_PROJECT_VERSION = 1;
				GENERATE_INFOPLIST_FILE = YES;
				INFOPLIST_FILE = "PDP-November/Info.plist";
				INFOPLIST_KEY_UIApplicationSupportsIndirectInputEvents = YES;
				INFOPLIST_KEY_UILaunchStoryboardName = LaunchScreen;
				INFOPLIST_KEY_UIMainStoryboardFile = Main;
				INFOPLIST_KEY_UISupportedInterfaceOrientations_iPad = "UIInterfaceOrientationPortrait UIInterfaceOrientationPortraitUpsideDown UIInterfaceOrientationLandscapeLeft UIInterfaceOrientationLandscapeRight";
				INFOPLIST_KEY_UISupportedInterfaceOrientations_iPhone = "UIInterfaceOrientationPortrait UIInterfaceOrientationLandscapeLeft UIInterfaceOrientationLandscapeRight";
				LD_RUNPATH_SEARCH_PATHS = (
					"$(inherited)",
					"@executable_path/Frameworks",
				);
				MARKETING_VERSION = 1.0;
				PRODUCT_BUNDLE_IDENTIFIER = "com.test.proj.PDP-November";
				PRODUCT_NAME = "$(TARGET_NAME)";
				SWIFT_EMIT_LOC_STRINGS = YES;
				SWIFT_VERSION = 5.0;
				TARGETED_DEVICE_FAMILY = "1,2";
			};
			name = Release;
		};
/* End XCBuildConfiguration section */

/* Begin XCConfigurationList section */
		CBFE43FD27453C81000A6025 /* Build configuration list for PBXProject "PDP-November" */ = {
			isa = XCConfigurationList;
			buildConfigurations = (
				CBFE441427453C85000A6025 /* Debug */,
				CBFE441527453C85000A6025 /* Release */,
			);
			defaultConfigurationIsVisible = 0;
			defaultConfigurationName = Release;
		};
		CBFE441627453C85000A6025 /* Build configuration list for PBXNativeTarget "PDP-November" */ = {
			isa = XCConfigurationList;
			buildConfigurations = (
				CBFE441727453C85000A6025 /* Debug */,
				CBFE441827453C85000A6025 /* Release */,
			);
			defaultConfigurationIsVisible = 0;
			defaultConfigurationName = Release;
		};
/* End XCConfigurationList section */
	};
	rootObject = CBFE43FA27453C81000A6025 /* Project object */;
}
